Microsoft Visual Studio Solution File, Format Version 12.00
# Visual Studio Version 17
VisualStudioVersion = 17.1.31903.286
MinimumVisualStudioVersion = 10.0.40219.1
Project("{6EC3EE1D-3C4E-46DD-8F32-0CC8E7565705}") = "Aardvark.Data.Durable.Codegen", "Aardvark.Data.Durable.Codegen\Aardvark.Data.Durable.Codegen.fsproj", "{F6299BBD-EF2C-446A-BAB7-DE62012D1E70}"
EndProject
Project("{9A19103F-16F7-4668-BE54-9A1E7A4F7556}") = "Aardvark.Data.Durable", "Aardvark.Data.Durable\Aardvark.Data.Durable.csproj", "{EB7CD791-D406-46A0-B15E-5539B263A462}"
EndProject
Project("{9A19103F-16F7-4668-BE54-9A1E7A4F7556}") = "Aardvark.Data.Durable.Codec", "Aardvark.Data.Durable.Codec\Aardvark.Data.Durable.Codec.csproj", "{60857BB9-6C14-4F77-AD0B-D16AF4F0F91B}"
EndProject
Project("{9A19103F-16F7-4668-BE54-9A1E7A4F7556}") = "Aardvark.Data.Durable.Tests", "Aardvark.Data.Durable.Tests\Aardvark.Data.Durable.Tests.csproj", "{36BA0DDA-14A4-4440-B3B5-81AAC2C49C87}"
EndProject
Project("{6EC3EE1D-3C4E-46DD-8F32-0CC8E7565705}") = "Scratch.FSharp", "Scratch.FSharp\Scratch.FSharp.fsproj", "{AE4D0A66-41B4-463C-9192-65BEC4B4FF45}"
EndProject
Project("{2150E333-8FDC-42A3-9474-1A3956D46DE8}") = "_", "_", "{09B7D2C5-E1CD-43C6-AF97-8AFB923E4999}"
	ProjectSection(SolutionItems) = preProject
		..\.gitignore = ..\.gitignore
		..\build.cmd = ..\build.cmd
		..\build.sh = ..\build.sh
		..\LICENSE = ..\LICENSE
		..\paket.dependencies = ..\paket.dependencies
		..\paket.lock = ..\paket.lock
		..\README.md = ..\README.md
		..\RELEASE_NOTES.md = ..\RELEASE_NOTES.md
	EndProjectSection
EndProject
Project("{FAE04EC0-301F-11D3-BF4B-00C04F79EFBC}") = "Aardworx.Data.DurableCodec2", "Aardworx.Data.DurableCodec2\Aardworx.Data.DurableCodec2.csproj", "{90EEF335-4B4B-426F-860A-9CD78EA5147F}"
EndProject
Project("{FAE04EC0-301F-11D3-BF4B-00C04F79EFBC}") = "Scratch.CSharp", "Scratch.CSharp\Scratch.CSharp.csproj", "{AD0D7B6D-F818-4CC7-BD19-EB42C3C4EA27}"
EndProject
Global
	GlobalSection(SolutionConfigurationPlatforms) = preSolution
		Debug|Any CPU = Debug|Any CPU
		Release|Any CPU = Release|Any CPU
	EndGlobalSection
	GlobalSection(ProjectConfigurationPlatforms) = postSolution
		{F6299BBD-EF2C-446A-BAB7-DE62012D1E70}.Debug|Any CPU.ActiveCfg = Debug|Any CPU
		{F6299BBD-EF2C-446A-BAB7-DE62012D1E70}.Debug|Any CPU.Build.0 = Debug|Any CPU
		{F6299BBD-EF2C-446A-BAB7-DE62012D1E70}.Release|Any CPU.ActiveCfg = Release|Any CPU
		{F6299BBD-EF2C-446A-BAB7-DE62012D1E70}.Release|Any CPU.Build.0 = Release|Any CPU
		{EB7CD791-D406-46A0-B15E-5539B263A462}.Debug|Any CPU.ActiveCfg = Debug|Any CPU
		{EB7CD791-D406-46A0-B15E-5539B263A462}.Debug|Any CPU.Build.0 = Debug|Any CPU
		{EB7CD791-D406-46A0-B15E-5539B263A462}.Release|Any CPU.ActiveCfg = Release|Any CPU
		{EB7CD791-D406-46A0-B15E-5539B263A462}.Release|Any CPU.Build.0 = Release|Any CPU
		{60857BB9-6C14-4F77-AD0B-D16AF4F0F91B}.Debug|Any CPU.ActiveCfg = Debug|Any CPU
		{60857BB9-6C14-4F77-AD0B-D16AF4F0F91B}.Debug|Any CPU.Build.0 = Debug|Any CPU
		{60857BB9-6C14-4F77-AD0B-D16AF4F0F91B}.Release|Any CPU.ActiveCfg = Release|Any CPU
		{60857BB9-6C14-4F77-AD0B-D16AF4F0F91B}.Release|Any CPU.Build.0 = Release|Any CPU
		{36BA0DDA-14A4-4440-B3B5-81AAC2C49C87}.Debug|Any CPU.ActiveCfg = Debug|Any CPU
		{36BA0DDA-14A4-4440-B3B5-81AAC2C49C87}.Debug|Any CPU.Build.0 = Debug|Any CPU
		{36BA0DDA-14A4-4440-B3B5-81AAC2C49C87}.Release|Any CPU.ActiveCfg = Release|Any CPU
		{36BA0DDA-14A4-4440-B3B5-81AAC2C49C87}.Release|Any CPU.Build.0 = Release|Any CPU
		{AE4D0A66-41B4-463C-9192-65BEC4B4FF45}.Debug|Any CPU.ActiveCfg = Debug|Any CPU
		{AE4D0A66-41B4-463C-9192-65BEC4B4FF45}.Debug|Any CPU.Build.0 = Debug|Any CPU
		{AE4D0A66-41B4-463C-9192-65BEC4B4FF45}.Release|Any CPU.ActiveCfg = Release|Any CPU
		{AE4D0A66-41B4-463C-9192-65BEC4B4FF45}.Release|Any CPU.Build.0 = Release|Any CPU
		{90EEF335-4B4B-426F-860A-9CD78EA5147F}.Debug|Any CPU.ActiveCfg = Debug|Any CPU
		{90EEF335-4B4B-426F-860A-9CD78EA5147F}.Debug|Any CPU.Build.0 = Debug|Any CPU
		{90EEF335-4B4B-426F-860A-9CD78EA5147F}.Release|Any CPU.ActiveCfg = Release|Any CPU
		{90EEF335-4B4B-426F-860A-9CD78EA5147F}.Release|Any CPU.Build.0 = Release|Any CPU
		{AD0D7B6D-F818-4CC7-BD19-EB42C3C4EA27}.Debug|Any CPU.ActiveCfg = Debug|Any CPU
		{AD0D7B6D-F818-4CC7-BD19-EB42C3C4EA27}.Debug|Any CPU.Build.0 = Debug|Any CPU
		{AD0D7B6D-F818-4CC7-BD19-EB42C3C4EA27}.Release|Any CPU.ActiveCfg = Release|Any CPU
		{AD0D7B6D-F818-4CC7-BD19-EB42C3C4EA27}.Release|Any CPU.Build.0 = Release|Any CPU
	EndGlobalSection
	GlobalSection(SolutionProperties) = preSolution
		HideSolutionNode = FALSE
	EndGlobalSection
	GlobalSection(ExtensibilityGlobals) = postSolution
		SolutionGuid = {E996B5E6-49B2-4479-9DDE-455A40509F43}
		EnterpriseLibraryConfigurationToolBinariesPathV6 = packages\EnterpriseLibrary.TransientFaultHandling.6.0.1304.0\lib\portable-net45+win+wp8;packages\EnterpriseLibrary.TransientFaultHandling.Data.6.0.1304.1\lib\NET45
	EndGlobalSection
EndGlobal
